
Microsoft Visual Studio Solution File, Format Version 12.00
# 
Project("{FAE04EC0-301F-11D3-BF4B-00C04F79EFBC}") = "Scan2Dine.EntityModels.MySQL", "Scan2Dine.EntityModels.MySQL\Scan2Dine.EntityModels.MySQL.csproj", "{1CAE6BA2-CDBE-4DDC-97A7-069A530B14F8}"
EndProject
Project("{FAE04EC0-301F-11D3-BF4B-00C04F79EFBC}") = "Scan2Dine.DataContext.MySQL", "Scan2Dine.DataContext.MySQL\Scan2Dine.DataContext.MySQL.csproj", "{0CAAEA61-696E-4426-93DF-B3B0956CCF02}"
EndProject
Project("{FAE04EC0-301F-11D3-BF4B-00C04F79EFBC}") = "Scan2Dine.UnitTests", "Scan2Dine.UnitTests\Scan2Dine.UnitTests.csproj", "{4130C1CD-2241-4600-8F76-0481FE818997}"
EndProject
Project("{FAE04EC0-301F-11D3-BF4B-00C04F79EFBC}") = "Scan2Dine.WebApi", "Scan2Dine.WebApi\Scan2Dine.WebApi.csproj", "{50DF674D-8064-44FA-B582-6931E19891B3}"
EndProject
Global
	GlobalSection(SolutionConfigurationPlatforms) = preSolution
		Debug|Any CPU = Debug|Any CPU
		Release|Any CPU = Release|Any CPU
	EndGlobalSection
	GlobalSection(ProjectConfigurationPlatforms) = postSolution
		{1CAE6BA2-CDBE-4DDC-97A7-069A530B14F8}.Debug|Any CPU.ActiveCfg = Debug|Any CPU
		{1CAE6BA2-CDBE-4DDC-97A7-069A530B14F8}.Debug|Any CPU.Build.0 = Debug|Any CPU
		{1CAE6BA2-CDBE-4DDC-97A7-069A530B14F8}.Release|Any CPU.ActiveCfg = Release|Any CPU
		{1CAE6BA2-CDBE-4DDC-97A7-069A530B14F8}.Release|Any CPU.Build.0 = Release|Any CPU
		{0CAAEA61-696E-4426-93DF-B3B0956CCF02}.Debug|Any CPU.ActiveCfg = Debug|Any CPU
		{0CAAEA61-696E-4426-93DF-B3B0956CCF02}.Debug|Any CPU.Build.0 = Debug|Any CPU
		{0CAAEA61-696E-4426-93DF-B3B0956CCF02}.Release|Any CPU.ActiveCfg = Release|Any CPU
		{0CAAEA61-696E-4426-93DF-B3B0956CCF02}.Release|Any CPU.Build.0 = Release|Any CPU
		{4130C1CD-2241-4600-8F76-0481FE818997}.Debug|Any CPU.ActiveCfg = Debug|Any CPU
		{4130C1CD-2241-4600-8F76-0481FE818997}.Debug|Any CPU.Build.0 = Debug|Any CPU
		{4130C1CD-2241-4600-8F76-0481FE818997}.Release|Any CPU.ActiveCfg = Release|Any CPU
		{4130C1CD-2241-4600-8F76-0481FE818997}.Release|Any CPU.Build.0 = Release|Any CPU
		{50DF674D-8064-44FA-B582-6931E19891B3}.Debug|Any CPU.ActiveCfg = Debug|Any CPU
		{50DF674D-8064-44FA-B582-6931E19891B3}.Debug|Any CPU.Build.0 = Debug|Any CPU
		{50DF674D-8064-44FA-B582-6931E19891B3}.Release|Any CPU.ActiveCfg = Release|Any CPU
		{50DF674D-8064-44FA-B582-6931E19891B3}.Release|Any CPU.Build.0 = Release|Any CPU
	EndGlobalSection
EndGlobal
